{
	"name": "Rambox",
	"version": "0.5.18",
	"lockfileVersion": 1,
	"requires": true,
	"dependencies": {
		"applescript": {
			"version": "1.0.0",
			"resolved": "https://registry.npmjs.org/applescript/-/applescript-1.0.0.tgz",
			"integrity": "sha1-u4evVoytA0pOSMS9r2Bno6JwExc="
		},
		"auto-launch-patched": {
			"version": "5.0.2",
			"resolved": "https://registry.npmjs.org/auto-launch-patched/-/auto-launch-patched-5.0.2.tgz",
			"integrity": "sha1-8a5oPIwTG93Pr68YHuMsqGbwejM=",
			"requires": {
				"applescript": "^1.0.0",
				"mkdirp": "^0.5.1",
				"path-is-absolute": "^1.0.0",
				"untildify": "^3.0.2",
				"winreg": "1.2.2"
			}
		},
		"balanced-match": {
			"version": "1.0.0",
			"resolved": "https://registry.npmjs.org/balanced-match/-/balanced-match-1.0.0.tgz",
			"integrity": "sha1-ibTRmasr7kneFk6gK4nORi1xt2c="
		},
		"brace-expansion": {
			"version": "1.1.11",
			"resolved": "https://registry.npmjs.org/brace-expansion/-/brace-expansion-1.1.11.tgz",
			"integrity": "sha512-iCuPHDFgrHX7H2vEI/5xpz07zSHB00TpugqhmYtVmMO6518mCuRMoOYFldEBl0g187ufozdaHgWKcYFb61qGiA==",
			"requires": {
				"balanced-match": "^1.0.0",
				"concat-map": "0.0.1"
			}
		},
		"concat-map": {
			"version": "0.0.1",
			"resolved": "https://registry.npmjs.org/concat-map/-/concat-map-0.0.1.tgz",
			"integrity": "sha1-2Klr13/Wjfd5OnMDajug1UBdR3s="
		},
		"conf": {
			"version": "3.0.0",
			"resolved": "https://registry.npmjs.org/conf/-/conf-3.0.0.tgz",
			"integrity": "sha512-z3XAlQY1pwHi+PFqWJ8lPqxSbHl0rlpgKpFSARGRw3Qj8zj0I1jNwLRjfDnUrjCtgea5HTf1YhdF5KKjDrUnTA==",
			"requires": {
				"dot-prop": "^4.1.0",
				"env-paths": "^1.0.0",
				"make-dir": "^2.0.0",
				"pkg-up": "^2.0.0",
				"write-file-atomic": "^2.4.2"
			}
		},
		"debug": {
			"version": "4.1.1",
			"resolved": "https://registry.npmjs.org/debug/-/debug-4.1.1.tgz",
			"integrity": "sha512-pYAIzeRo8J6KPEaJ0VWOh5Pzkbw/RetuzehGM7QRRX5he4fPHx2rdKMB256ehJCkX+XRQm16eZLqLNS8RSZXZw==",
			"requires": {
				"ms": "^2.1.1"
			}
		},
		"dot-prop": {
			"version": "4.2.0",
			"resolved": "https://registry.npmjs.org/dot-prop/-/dot-prop-4.2.0.tgz",
			"integrity": "sha512-tUMXrxlExSW6U2EXiiKGSBVdYgtV8qlHL+C10TsW4PURY/ic+eaysnSkwB4kA/mBlCyy/IKDJ+Lc3wbWeaXtuQ==",
			"requires": {
				"is-obj": "^1.0.0"
			}
		},
		"electron-contextmenu-wrapper": {
			"version": "2.0.0",
			"resolved": "https://registry.npmjs.org/electron-contextmenu-wrapper/-/electron-contextmenu-wrapper-2.0.0.tgz",
			"integrity": "sha512-al2x8c0p83fuMcwh/k8F6LsTMkVap7kJskX1TwODw8RNY8rVe8FMA55Hj4BOmiKp9TzQbtdXQY3ZLMqJVElR6w==",
			"requires": {
				"debug": "^4.1.0",
				"mkdirp": "^0.5.1",
				"pify": "^4.0.0"
			}
		},
		"electron-is-dev": {
			"version": "1.0.1",
			"resolved": "https://registry.npmjs.org/electron-is-dev/-/electron-is-dev-1.0.1.tgz",
			"integrity": "sha512-iwM3EotA9HTXqMGpQRkR/kT8OZqBbdfHTnlwcxsjSLYqY8svvsq0MuujsWCn3/vtgRmDv/PC/gKUUpoZvi5C1w=="
		},
		"electron-store": {
			"version": "3.0.0",
			"resolved": "https://registry.npmjs.org/electron-store/-/electron-store-3.0.0.tgz",
			"integrity": "sha512-2TqGvejLqbgbmR0AB0c07sRxoc0ief/2v+/JA8JHWlVvLTDPcJtmlwa2rwJlce1AP4PBoH8C5w2uTFVUjkVjaA==",
			"requires": {
				"conf": "^3.0.0"
			}
		},
		"env-paths": {
			"version": "1.0.0",
			"resolved": "https://registry.npmjs.org/env-paths/-/env-paths-1.0.0.tgz",
			"integrity": "sha1-QWgTO0K7BcOKNbGuQ5fIKYqzaeA="
		},
		"find-up": {
			"version": "2.1.0",
			"resolved": "https://registry.npmjs.org/find-up/-/find-up-2.1.0.tgz",
			"integrity": "sha1-RdG35QbHF93UgndaK3eSCjwMV6c=",
			"requires": {
				"locate-path": "^2.0.0"
			}
		},
		"fs.realpath": {
			"version": "1.0.0",
			"resolved": "https://registry.npmjs.org/fs.realpath/-/fs.realpath-1.0.0.tgz",
			"integrity": "sha1-FQStJSMVjKpA20onh8sBQRmU6k8="
		},
		"glob": {
			"version": "7.1.3",
			"resolved": "https://registry.npmjs.org/glob/-/glob-7.1.3.tgz",
			"integrity": "sha512-vcfuiIxogLV4DlGBHIUOwI0IbrJ8HWPc4MU7HzviGeNho/UJDfi6B5p3sHeWIQ0KGIU0Jpxi5ZHxemQfLkkAwQ==",
			"requires": {
				"fs.realpath": "^1.0.0",
				"inflight": "^1.0.4",
				"inherits": "2",
				"minimatch": "^3.0.4",
				"once": "^1.3.0",
				"path-is-absolute": "^1.0.0"
			}
		},
		"graceful-fs": {
			"version": "4.1.15",
			"resolved": "https://registry.npmjs.org/graceful-fs/-/graceful-fs-4.1.15.tgz",
			"integrity": "sha512-6uHUhOPEBgQ24HM+r6b/QwWfZq+yiFcipKFrOFiBEnWdy5sdzYoi+pJeQaPI5qOLRFqWmAXUPQNsielzdLoecA=="
		},
		"imurmurhash": {
			"version": "0.1.4",
			"resolved": "https://registry.npmjs.org/imurmurhash/-/imurmurhash-0.1.4.tgz",
			"integrity": "sha1-khi5srkoojixPcT7a21XbyMUU+o="
		},
		"inflight": {
			"version": "1.0.6",
			"resolved": "https://registry.npmjs.org/inflight/-/inflight-1.0.6.tgz",
			"integrity": "sha1-Sb1jMdfQLQwJvJEKEHW6gWW1bfk=",
			"requires": {
				"once": "^1.3.0",
				"wrappy": "1"
			}
		},
		"inherits": {
			"version": "2.0.3",
			"resolved": "https://registry.npmjs.org/inherits/-/inherits-2.0.3.tgz",
			"integrity": "sha1-Yzwsg+PaQqUC9SRmAiSA9CCCYd4="
		},
		"is-obj": {
			"version": "1.0.1",
			"resolved": "https://registry.npmjs.org/is-obj/-/is-obj-1.0.1.tgz",
			"integrity": "sha1-PkcprB9f3gJc19g6iW2rn09n2w8="
		},
		"locate-path": {
			"version": "2.0.0",
			"resolved": "https://registry.npmjs.org/locate-path/-/locate-path-2.0.0.tgz",
			"integrity": "sha1-K1aLJl7slExtnA3pw9u7ygNUzY4=",
			"requires": {
				"p-locate": "^2.0.0",
				"path-exists": "^3.0.0"
			}
		},
		"make-dir": {
			"version": "2.1.0",
			"resolved": "https://registry.npmjs.org/make-dir/-/make-dir-2.1.0.tgz",
			"integrity": "sha512-LS9X+dc8KLxXCb8dni79fLIIUA5VyZoyjSMCwTluaXA0o27cCK0bhXkpgw+sTXVpPy/lSO57ilRixqk0vDmtRA==",
			"requires": {
				"pify": "^4.0.1",
				"semver": "^5.6.0"
			}
		},
		"mime": {
			"version": "2.4.0",
			"resolved": "https://registry.npmjs.org/mime/-/mime-2.4.0.tgz",
			"integrity": "sha512-ikBcWwyqXQSHKtciCcctu9YfPbFYZ4+gbHEmE0Q8jzcTYQg5dHCr3g2wwAZjPoJfQVXZq6KXAjpXOTf5/cjT7w=="
		},
		"minimatch": {
			"version": "3.0.4",
			"resolved": "https://registry.npmjs.org/minimatch/-/minimatch-3.0.4.tgz",
			"integrity": "sha512-yJHVQEhyqPLUTgt9B83PXu6W3rx4MvvHvSUvToogpwoGDOUQ+yDrR0HRot+yOCdCO7u4hX3pWft6kWBBcqh0UA==",
			"requires": {
				"brace-expansion": "^1.1.7"
			}
		},
		"minimist": {
			"version": "0.0.8",
			"resolved": "https://registry.npmjs.org/minimist/-/minimist-0.0.8.tgz",
			"integrity": "sha1-hX/Kv8M5fSYluCKCYuhqp6ARsF0="
		},
		"mkdirp": {
			"version": "0.5.1",
			"resolved": "https://registry.npmjs.org/mkdirp/-/mkdirp-0.5.1.tgz",
			"integrity": "sha1-MAV0OOrGz3+MR2fzhkjWaX11yQM=",
			"requires": {
				"minimist": "0.0.8"
			}
		},
		"ms": {
			"version": "2.1.1",
			"resolved": "https://registry.npmjs.org/ms/-/ms-2.1.1.tgz",
			"integrity": "sha512-tgp+dl5cGk28utYktBsrFqA7HKgrhgPsg6Z/EfhWI4gl1Hwq8B/GmY/0oXZ6nF8hDVesS/FpnYaD/kOWhYQvyg=="
		},
		"once": {
			"version": "1.4.0",
			"resolved": "https://registry.npmjs.org/once/-/once-1.4.0.tgz",
			"integrity": "sha1-WDsap3WWHUsROsF9nFC6753Xa9E=",
			"requires": {
				"wrappy": "1"
			}
		},
		"p-limit": {
			"version": "1.3.0",
			"resolved": "https://registry.npmjs.org/p-limit/-/p-limit-1.3.0.tgz",
			"integrity": "sha512-vvcXsLAJ9Dr5rQOPk7toZQZJApBl2K4J6dANSsEuh6QI41JYcsS/qhTGa9ErIUUgK3WNQoJYvylxvjqmiqEA9Q==",
			"requires": {
				"p-try": "^1.0.0"
			}
		},
		"p-locate": {
			"version": "2.0.0",
			"resolved": "https://registry.npmjs.org/p-locate/-/p-locate-2.0.0.tgz",
			"integrity": "sha1-IKAQOyIqcMj9OcwuWAaA893l7EM=",
			"requires": {
				"p-limit": "^1.1.0"
			}
		},
		"p-try": {
			"version": "1.0.0",
			"resolved": "https://registry.npmjs.org/p-try/-/p-try-1.0.0.tgz",
			"integrity": "sha1-y8ec26+P1CKOE/Yh8rGiN8GyB7M="
		},
		"path-exists": {
			"version": "3.0.0",
			"resolved": "https://registry.npmjs.org/path-exists/-/path-exists-3.0.0.tgz",
			"integrity": "sha1-zg6+ql94yxiSXqfYENe1mwEP1RU="
		},
		"path-is-absolute": {
			"version": "1.0.1",
			"resolved": "https://registry.npmjs.org/path-is-absolute/-/path-is-absolute-1.0.1.tgz",
			"integrity": "sha1-F0uSaHNVNP+8es5r9TpanhtcX18="
		},
		"pify": {
			"version": "4.0.1",
			"resolved": "https://registry.npmjs.org/pify/-/pify-4.0.1.tgz",
			"integrity": "sha512-uB80kBFb/tfd68bVleG9T5GGsGPjJrLAUpR5PZIrhBnIaRTQRjqdJSsIKkOP6OAIFbj7GOrcudc5pNjZ+geV2g=="
		},
		"pkg-up": {
			"version": "2.0.0",
			"resolved": "https://registry.npmjs.org/pkg-up/-/pkg-up-2.0.0.tgz",
			"integrity": "sha1-yBmscoBZpGHKscOImivjxJoATX8=",
			"requires": {
				"find-up": "^2.1.0"
			}
		},
		"rimraf": {
			"version": "2.6.3",
			"resolved": "https://registry.npmjs.org/rimraf/-/rimraf-2.6.3.tgz",
			"integrity": "sha512-mwqeW5XsA2qAejG46gYdENaxXjx9onRNCfn7L0duuP4hCuTIi/QO7PDK07KJfp1d+izWPrzEJDcSqBa0OZQriA==",
			"requires": {
				"glob": "^7.1.3"
			}
		},
		"semver": {
			"version": "5.6.0",
			"resolved": "https://registry.npmjs.org/semver/-/semver-5.6.0.tgz",
			"integrity": "sha512-RS9R6R35NYgQn++fkDWaOmqGoj4Ek9gGs+DPxNUZKuwE183xjJroKvyo1IzVFeXvUrvmALy6FWD5xrdJT25gMg=="
		},
		"signal-exit": {
			"version": "3.0.2",
			"resolved": "https://registry.npmjs.org/signal-exit/-/signal-exit-3.0.2.tgz",
			"integrity": "sha1-tf3AjxKH6hF4Yo5BXiUTK3NkbG0="
		},
		"tmp": {
			"version": "0.1.0",
			"resolved": "https://registry.npmjs.org/tmp/-/tmp-0.1.0.tgz",
			"integrity": "sha512-J7Z2K08jbGcdA1kkQpJSqLF6T0tdQqpR2pnSUXsIchbPdTI9v3e85cLW0d6WDhwuAleOV71j2xWs8qMPfK7nKw==",
			"requires": {
				"rimraf": "^2.6.3"
			}
		},
		"untildify": {
			"version": "3.0.3",
			"resolved": "https://registry.npmjs.org/untildify/-/untildify-3.0.3.tgz",
			"integrity": "sha512-iSk/J8efr8uPT/Z4eSUywnqyrQU7DSdMfdqK4iWEaUVVmcP5JcnpRqmVMwcwcnmI1ATFNgC5V90u09tBynNFKA=="
		},
		"winreg": {
			"version": "1.2.2",
			"resolved": "https://registry.npmjs.org/winreg/-/winreg-1.2.2.tgz",
			"integrity": "sha1-hQmvo7ccW70RCm18YkfsZ3NsWY8="
		},
		"wrappy": {
			"version": "1.0.2",
			"resolved": "https://registry.npmjs.org/wrappy/-/wrappy-1.0.2.tgz",
			"integrity": "sha1-tSQ9jz7BqjXxNkYFvA0QNuMKtp8="
		},
		"write-file-atomic": {
			"version": "2.4.2",
			"resolved": "https://registry.npmjs.org/write-file-atomic/-/write-file-atomic-2.4.2.tgz",
			"integrity": "sha512-s0b6vB3xIVRLWywa6X9TOMA7k9zio0TMOsl9ZnDkliA/cfJlpHXAscj0gbHVJiTdIuAYpIyqS5GW91fqm6gG5g==",
			"requires": {
				"graceful-fs": "^4.1.11",
				"imurmurhash": "^0.1.4",
				"signal-exit": "^3.0.2"
			}
		}
	}
}
