{
	"name": "Rambox",
	"version": "0.5.18",
	"lockfileVersion": 1,
	"requires": true,
	"dependencies": {
		"ajv": {
			"version": "6.10.0",
			"resolved": "https://registry.npmjs.org/ajv/-/ajv-6.10.0.tgz",
			"integrity": "sha512-nffhOpkymDECQyR0mnsUtoCE8RlX38G0rYP+wgLWFyZuUyuuojSSvi/+euOiQBIn63whYwYVIIH1TvE3tu4OEg==",
			"requires": {
				"fast-deep-equal": "^2.0.1",
				"fast-json-stable-stringify": "^2.0.0",
				"json-schema-traverse": "^0.4.1",
				"uri-js": "^4.2.2"
			}
		},
		"applescript": {
			"version": "1.0.0",
			"resolved": "https://registry.npmjs.org/applescript/-/applescript-1.0.0.tgz",
			"integrity": "sha1-u4evVoytA0pOSMS9r2Bno6JwExc="
		},
		"auto-launch-patched": {
			"version": "5.0.2",
			"resolved": "https://registry.npmjs.org/auto-launch-patched/-/auto-launch-patched-5.0.2.tgz",
			"integrity": "sha1-8a5oPIwTG93Pr68YHuMsqGbwejM=",
			"requires": {
				"applescript": "^1.0.0",
				"mkdirp": "^0.5.1",
				"path-is-absolute": "^1.0.0",
				"untildify": "^3.0.2",
				"winreg": "1.2.2"
			}
		},
		"balanced-match": {
			"version": "1.0.0",
			"resolved": "https://registry.npmjs.org/balanced-match/-/balanced-match-1.0.0.tgz",
			"integrity": "sha1-ibTRmasr7kneFk6gK4nORi1xt2c="
		},
		"brace-expansion": {
			"version": "1.1.11",
			"resolved": "https://registry.npmjs.org/brace-expansion/-/brace-expansion-1.1.11.tgz",
			"integrity": "sha512-iCuPHDFgrHX7H2vEI/5xpz07zSHB00TpugqhmYtVmMO6518mCuRMoOYFldEBl0g187ufozdaHgWKcYFb61qGiA==",
			"requires": {
				"balanced-match": "^1.0.0",
				"concat-map": "0.0.1"
			}
		},
		"concat-map": {
			"version": "0.0.1",
			"resolved": "https://registry.npmjs.org/concat-map/-/concat-map-0.0.1.tgz",
			"integrity": "sha1-2Klr13/Wjfd5OnMDajug1UBdR3s="
		},
		"conf": {
			"version": "4.0.2",
			"resolved": "https://registry.npmjs.org/conf/-/conf-4.0.2.tgz",
			"integrity": "sha512-SVEWGdAlA+BNfpJ5vF7S6SbkXA7Qk1ycWV6+UAWkC3vQvjxx7xxuYNriKnShjlbIPStUiTK0MZWdQYYtTYdwZw==",
			"requires": {
				"ajv": "^6.10.0",
				"dot-prop": "^5.0.0",
				"env-paths": "^2.2.0",
				"json-schema-typed": "^7.0.0",
				"make-dir": "^3.0.0",
				"pkg-up": "^3.0.1",
				"write-file-atomic": "^2.4.2"
			}
		},
		"debug": {
			"version": "4.1.1",
			"resolved": "https://registry.npmjs.org/debug/-/debug-4.1.1.tgz",
			"integrity": "sha512-pYAIzeRo8J6KPEaJ0VWOh5Pzkbw/RetuzehGM7QRRX5he4fPHx2rdKMB256ehJCkX+XRQm16eZLqLNS8RSZXZw==",
			"requires": {
				"ms": "^2.1.1"
			}
		},
		"dot-prop": {
			"version": "5.0.0",
			"resolved": "https://registry.npmjs.org/dot-prop/-/dot-prop-5.0.0.tgz",
			"integrity": "sha512-RTmaF2jx3nOBO2GvtFqjnDLycjFUMqt+2pwRx7JVYa81lDauoj9aNkyrJI2ikR58FbBIchiIlRiGG+muLJ4oHQ==",
			"requires": {
				"is-obj": "^1.0.0"
			}
		},
		"electron-contextmenu-wrapper": {
			"version": "3.0.0",
			"resolved": "https://registry.npmjs.org/electron-contextmenu-wrapper/-/electron-contextmenu-wrapper-3.0.0.tgz",
			"integrity": "sha512-UQ7jsbZVIQ2MnBW9+MJmh1ouhpmEZAdDcHkxS5xlz+A2XuCbF1mJuby4gmZ45/ybU2UmtHb4s2d7RoFCir5T6Q==",
			"requires": {
				"debug": "^4.1.1"
			}
		},
		"electron-is-dev": {
			"version": "1.1.0",
			"resolved": "https://registry.npmjs.org/electron-is-dev/-/electron-is-dev-1.1.0.tgz",
			"integrity": "sha512-Z1qA/1oHNowGtSBIcWk0pcLEqYT/j+13xUw/MYOrBUOL4X7VN0i0KCTf5SqyvMPmW5pSPKbo28wkxMxzZ20YnQ=="
		},
		"electron-store": {
			"version": "3.2.0",
			"resolved": "https://registry.npmjs.org/electron-store/-/electron-store-3.2.0.tgz",
			"integrity": "sha512-+goKW06sPo8KyPd9ctozRQGjctJ+M4qDpZ0Dx02X08AMf6lSlHQRmYHMYbKXpVpoq4y250wRfEHNxtP72HbfVQ==",
			"requires": {
				"conf": "^4.0.1",
				"type-fest": "^0.3.1"
			}
		},
		"env-paths": {
			"version": "2.2.0",
			"resolved": "https://registry.npmjs.org/env-paths/-/env-paths-2.2.0.tgz",
			"integrity": "sha512-6u0VYSCo/OW6IoD5WCLLy9JUGARbamfSavcNXry/eu8aHVFei6CD3Sw+VGX5alea1i9pgPHW0mbu6Xj0uBh7gA=="
		},
		"fast-deep-equal": {
			"version": "2.0.1",
			"resolved": "https://registry.npmjs.org/fast-deep-equal/-/fast-deep-equal-2.0.1.tgz",
			"integrity": "sha1-ewUhjd+WZ79/Nwv3/bLLFf3Qqkk="
		},
		"fast-json-stable-stringify": {
			"version": "2.0.0",
			"resolved": "https://registry.npmjs.org/fast-json-stable-stringify/-/fast-json-stable-stringify-2.0.0.tgz",
			"integrity": "sha1-1RQsDK7msRifh9OnYREGT4bIu/I="
		},
		"find-up": {
			"version": "3.0.0",
			"resolved": "https://registry.npmjs.org/find-up/-/find-up-3.0.0.tgz",
			"integrity": "sha512-1yD6RmLI1XBfxugvORwlck6f75tYL+iR0jqwsOrOxMZyGYqUuDhJ0l4AXdO1iX/FTs9cBAMEk1gWSEx1kSbylg==",
			"requires": {
				"locate-path": "^3.0.0"
			}
		},
		"fs.realpath": {
			"version": "1.0.0",
			"resolved": "https://registry.npmjs.org/fs.realpath/-/fs.realpath-1.0.0.tgz",
			"integrity": "sha1-FQStJSMVjKpA20onh8sBQRmU6k8="
		},
		"glob": {
			"version": "7.1.3",
			"resolved": "https://registry.npmjs.org/glob/-/glob-7.1.3.tgz",
			"integrity": "sha512-vcfuiIxogLV4DlGBHIUOwI0IbrJ8HWPc4MU7HzviGeNho/UJDfi6B5p3sHeWIQ0KGIU0Jpxi5ZHxemQfLkkAwQ==",
			"requires": {
				"fs.realpath": "^1.0.0",
				"inflight": "^1.0.4",
				"inherits": "2",
				"minimatch": "^3.0.4",
				"once": "^1.3.0",
				"path-is-absolute": "^1.0.0"
			}
		},
		"graceful-fs": {
			"version": "4.1.15",
			"resolved": "https://registry.npmjs.org/graceful-fs/-/graceful-fs-4.1.15.tgz",
			"integrity": "sha512-6uHUhOPEBgQ24HM+r6b/QwWfZq+yiFcipKFrOFiBEnWdy5sdzYoi+pJeQaPI5qOLRFqWmAXUPQNsielzdLoecA=="
		},
		"imurmurhash": {
			"version": "0.1.4",
			"resolved": "https://registry.npmjs.org/imurmurhash/-/imurmurhash-0.1.4.tgz",
			"integrity": "sha1-khi5srkoojixPcT7a21XbyMUU+o="
		},
		"inflight": {
			"version": "1.0.6",
			"resolved": "https://registry.npmjs.org/inflight/-/inflight-1.0.6.tgz",
			"integrity": "sha1-Sb1jMdfQLQwJvJEKEHW6gWW1bfk=",
			"requires": {
				"once": "^1.3.0",
				"wrappy": "1"
			}
		},
		"inherits": {
			"version": "2.0.3",
			"resolved": "https://registry.npmjs.org/inherits/-/inherits-2.0.3.tgz",
			"integrity": "sha1-Yzwsg+PaQqUC9SRmAiSA9CCCYd4="
		},
		"is-obj": {
			"version": "1.0.1",
			"resolved": "https://registry.npmjs.org/is-obj/-/is-obj-1.0.1.tgz",
			"integrity": "sha1-PkcprB9f3gJc19g6iW2rn09n2w8="
		},
		"json-schema-traverse": {
			"version": "0.4.1",
			"resolved": "https://registry.npmjs.org/json-schema-traverse/-/json-schema-traverse-0.4.1.tgz",
			"integrity": "sha512-xbbCH5dCYU5T8LcEhhuh7HJ88HXuW3qsI3Y0zOZFKfZEHcpWiHU/Jxzk629Brsab/mMiHQti9wMP+845RPe3Vg=="
		},
		"json-schema-typed": {
			"version": "7.0.0",
			"resolved": "https://registry.npmjs.org/json-schema-typed/-/json-schema-typed-7.0.0.tgz",
			"integrity": "sha512-ikVqF4dlAgRvAb3MDAgDQRtB/GIC8+iq+z5bczPh9bUT7bAZCdGfGCypJHBquzZNoxebql1UgPxWbImnvkSuJg=="
		},
		"locate-path": {
			"version": "3.0.0",
			"resolved": "https://registry.npmjs.org/locate-path/-/locate-path-3.0.0.tgz",
			"integrity": "sha512-7AO748wWnIhNqAuaty2ZWHkQHRSNfPVIsPIfwEOWO22AmaoVrWavlOcMR5nzTLNYvp36X220/maaRsrec1G65A==",
			"requires": {
				"p-locate": "^3.0.0",
				"path-exists": "^3.0.0"
			}
		},
		"make-dir": {
			"version": "3.0.0",
			"resolved": "https://registry.npmjs.org/make-dir/-/make-dir-3.0.0.tgz",
			"integrity": "sha512-grNJDhb8b1Jm1qeqW5R/O63wUo4UXo2v2HMic6YT9i/HBlF93S8jkMgH7yugvY9ABDShH4VZMn8I+U8+fCNegw==",
			"requires": {
				"semver": "^6.0.0"
			}
		},
		"mime": {
			"version": "2.4.3",
			"resolved": "https://registry.npmjs.org/mime/-/mime-2.4.3.tgz",
			"integrity": "sha512-QgrPRJfE+riq5TPZMcHZOtm8c6K/yYrMbKIoRfapfiGLxS8OTeIfRhUGW5LU7MlRa52KOAGCfUNruqLrIBvWZw=="
		},
		"minimatch": {
			"version": "3.0.4",
			"resolved": "https://registry.npmjs.org/minimatch/-/minimatch-3.0.4.tgz",
			"integrity": "sha512-yJHVQEhyqPLUTgt9B83PXu6W3rx4MvvHvSUvToogpwoGDOUQ+yDrR0HRot+yOCdCO7u4hX3pWft6kWBBcqh0UA==",
			"requires": {
				"brace-expansion": "^1.1.7"
			}
		},
		"minimist": {
			"version": "0.0.8",
			"resolved": "https://registry.npmjs.org/minimist/-/minimist-0.0.8.tgz",
			"integrity": "sha1-hX/Kv8M5fSYluCKCYuhqp6ARsF0="
		},
		"mkdirp": {
			"version": "0.5.1",
			"resolved": "https://registry.npmjs.org/mkdirp/-/mkdirp-0.5.1.tgz",
			"integrity": "sha1-MAV0OOrGz3+MR2fzhkjWaX11yQM=",
			"requires": {
				"minimist": "0.0.8"
			}
		},
		"ms": {
			"version": "2.1.1",
			"resolved": "https://registry.npmjs.org/ms/-/ms-2.1.1.tgz",
			"integrity": "sha512-tgp+dl5cGk28utYktBsrFqA7HKgrhgPsg6Z/EfhWI4gl1Hwq8B/GmY/0oXZ6nF8hDVesS/FpnYaD/kOWhYQvyg=="
		},
		"once": {
			"version": "1.4.0",
			"resolved": "https://registry.npmjs.org/once/-/once-1.4.0.tgz",
			"integrity": "sha1-WDsap3WWHUsROsF9nFC6753Xa9E=",
			"requires": {
				"wrappy": "1"
			}
		},
		"p-limit": {
			"version": "2.2.0",
			"resolved": "https://registry.npmjs.org/p-limit/-/p-limit-2.2.0.tgz",
			"integrity": "sha512-pZbTJpoUsCzV48Mc9Nh51VbwO0X9cuPFE8gYwx9BTCt9SF8/b7Zljd2fVgOxhIF/HDTKgpVzs+GPhyKfjLLFRQ==",
			"requires": {
				"p-try": "^2.0.0"
			}
		},
		"p-locate": {
			"version": "3.0.0",
			"resolved": "https://registry.npmjs.org/p-locate/-/p-locate-3.0.0.tgz",
			"integrity": "sha512-x+12w/To+4GFfgJhBEpiDcLozRJGegY+Ei7/z0tSLkMmxGZNybVMSfWj9aJn8Z5Fc7dBUNJOOVgPv2H7IwulSQ==",
			"requires": {
				"p-limit": "^2.0.0"
			}
		},
		"p-try": {
			"version": "2.2.0",
			"resolved": "https://registry.npmjs.org/p-try/-/p-try-2.2.0.tgz",
			"integrity": "sha512-R4nPAVTAU0B9D35/Gk3uJf/7XYbQcyohSKdvAxIRSNghFl4e71hVoGnBNQz9cWaXxO2I10KTC+3jMdvvoKw6dQ=="
		},
		"path-exists": {
			"version": "3.0.0",
			"resolved": "https://registry.npmjs.org/path-exists/-/path-exists-3.0.0.tgz",
			"integrity": "sha1-zg6+ql94yxiSXqfYENe1mwEP1RU="
		},
		"path-is-absolute": {
			"version": "1.0.1",
			"resolved": "https://registry.npmjs.org/path-is-absolute/-/path-is-absolute-1.0.1.tgz",
			"integrity": "sha1-F0uSaHNVNP+8es5r9TpanhtcX18="
		},
		"pkg-up": {
			"version": "3.1.0",
			"resolved": "https://registry.npmjs.org/pkg-up/-/pkg-up-3.1.0.tgz",
			"integrity": "sha512-nDywThFk1i4BQK4twPQ6TA4RT8bDY96yeuCVBWL3ePARCiEKDRSrNGbFIgUJpLp+XeIR65v8ra7WuJOFUBtkMA==",
			"requires": {
				"find-up": "^3.0.0"
			}
		},
		"punycode": {
			"version": "2.1.1",
			"resolved": "https://registry.npmjs.org/punycode/-/punycode-2.1.1.tgz",
			"integrity": "sha512-XRsRjdf+j5ml+y/6GKHPZbrF/8p2Yga0JPtdqTIY2Xe5ohJPD9saDJJLPvp9+NSBprVvevdXZybnj2cv8OEd0A=="
		},
		"rimraf": {
			"version": "2.6.3",
			"resolved": "https://registry.npmjs.org/rimraf/-/rimraf-2.6.3.tgz",
			"integrity": "sha512-mwqeW5XsA2qAejG46gYdENaxXjx9onRNCfn7L0duuP4hCuTIi/QO7PDK07KJfp1d+izWPrzEJDcSqBa0OZQriA==",
			"requires": {
				"glob": "^7.1.3"
			}
		},
		"semver": {
			"version": "6.0.0",
			"resolved": "https://registry.npmjs.org/semver/-/semver-6.0.0.tgz",
			"integrity": "sha512-0UewU+9rFapKFnlbirLi3byoOuhrSsli/z/ihNnvM24vgF+8sNBiI1LZPBSH9wJKUwaUbw+s3hToDLCXkrghrQ=="
		},
		"signal-exit": {
			"version": "3.0.2",
			"resolved": "https://registry.npmjs.org/signal-exit/-/signal-exit-3.0.2.tgz",
			"integrity": "sha1-tf3AjxKH6hF4Yo5BXiUTK3NkbG0="
		},
		"tmp": {
			"version": "0.1.0",
			"resolved": "https://registry.npmjs.org/tmp/-/tmp-0.1.0.tgz",
			"integrity": "sha512-J7Z2K08jbGcdA1kkQpJSqLF6T0tdQqpR2pnSUXsIchbPdTI9v3e85cLW0d6WDhwuAleOV71j2xWs8qMPfK7nKw==",
			"requires": {
				"rimraf": "^2.6.3"
			}
		},
		"type-fest": {
			"version": "0.3.1",
			"resolved": "https://registry.npmjs.org/type-fest/-/type-fest-0.3.1.tgz",
			"integrity": "sha512-cUGJnCdr4STbePCgqNFbpVNCepa+kAVohJs1sLhxzdH+gnEoOd8VhbYa7pD3zZYGiURWM2xzEII3fQcRizDkYQ=="
		},
		"untildify": {
			"version": "3.0.3",
			"resolved": "https://registry.npmjs.org/untildify/-/untildify-3.0.3.tgz",
			"integrity": "sha512-iSk/J8efr8uPT/Z4eSUywnqyrQU7DSdMfdqK4iWEaUVVmcP5JcnpRqmVMwcwcnmI1ATFNgC5V90u09tBynNFKA=="
		},
		"uri-js": {
			"version": "4.2.2",
			"resolved": "https://registry.npmjs.org/uri-js/-/uri-js-4.2.2.tgz",
			"integrity": "sha512-KY9Frmirql91X2Qgjry0Wd4Y+YTdrdZheS8TFwvkbLWf/G5KNJDCh6pKL5OZctEW4+0Baa5idK2ZQuELRwPznQ==",
			"requires": {
				"punycode": "^2.1.0"
			}
		},
		"winreg": {
			"version": "1.2.2",
			"resolved": "https://registry.npmjs.org/winreg/-/winreg-1.2.2.tgz",
			"integrity": "sha1-hQmvo7ccW70RCm18YkfsZ3NsWY8="
		},
		"wrappy": {
			"version": "1.0.2",
			"resolved": "https://registry.npmjs.org/wrappy/-/wrappy-1.0.2.tgz",
			"integrity": "sha1-tSQ9jz7BqjXxNkYFvA0QNuMKtp8="
		},
		"write-file-atomic": {
			"version": "2.4.2",
			"resolved": "https://registry.npmjs.org/write-file-atomic/-/write-file-atomic-2.4.2.tgz",
			"integrity": "sha512-s0b6vB3xIVRLWywa6X9TOMA7k9zio0TMOsl9ZnDkliA/cfJlpHXAscj0gbHVJiTdIuAYpIyqS5GW91fqm6gG5g==",
			"requires": {
				"graceful-fs": "^4.1.11",
				"imurmurhash": "^0.1.4",
				"signal-exit": "^3.0.2"
			}
		}
	}
}
